// !$*UTF8*$!
{
	archiveVersion = 1;
	classes = {
	};
	objectVersion = 55;
	objects = {

/* Begin PBXBuildFile section */
		1A7CD654270C390C00073433 /* LoadUsersUseCase.swift in Sources */ = {isa = PBXBuildFile; fileRef = 1A7CD653270C390C00073433 /* LoadUsersUseCase.swift */; };
		1A7CD656270C397400073433 /* User.swift in Sources */ = {isa = PBXBuildFile; fileRef = 1A7CD655270C397400073433 /* User.swift */; };
		1A7CD658270C39A600073433 /* UsersRemoteDataSource.swift in Sources */ = {isa = PBXBuildFile; fileRef = 1A7CD657270C39A600073433 /* UsersRemoteDataSource.swift */; };
		1A7CD65A270C3D6000073433 /* URLSessionUsersAPIEndToEndTests.swift in Sources */ = {isa = PBXBuildFile; fileRef = 1A7CD659270C3D6000073433 /* URLSessionUsersAPIEndToEndTests.swift */; };
		1AE6AAE0270C286D0087A321 /* UsersAppApp.swift in Sources */ = {isa = PBXBuildFile; fileRef = 1AE6AADF270C286D0087A321 /* UsersAppApp.swift */; };
		1AE6AAE2270C286D0087A321 /* UsersView.swift in Sources */ = {isa = PBXBuildFile; fileRef = 1AE6AAE1270C286D0087A321 /* UsersView.swift */; };
		1AE6AAE4270C28720087A321 /* Assets.xcassets in Resources */ = {isa = PBXBuildFile; fileRef = 1AE6AAE3270C28720087A321 /* Assets.xcassets */; };
		1AE6AAE7270C28720087A321 /* Preview Assets.xcassets in Resources */ = {isa = PBXBuildFile; fileRef = 1AE6AAE6270C28720087A321 /* Preview Assets.xcassets */; };
		1AE6AAFB270C28730087A321 /* UsersAppUITests.swift in Sources */ = {isa = PBXBuildFile; fileRef = 1AE6AAFA270C28730087A321 /* UsersAppUITests.swift */; };
		1AE6AAFD270C28730087A321 /* UsersAppUITestsLaunchTests.swift in Sources */ = {isa = PBXBuildFile; fileRef = 1AE6AAFC270C28730087A321 /* UsersAppUITestsLaunchTests.swift */; };
		1AE6AB0A270C29D80087A321 /* UserCell.swift in Sources */ = {isa = PBXBuildFile; fileRef = 1AE6AB09270C29D70087A321 /* UserCell.swift */; };
		41AE9A7C271EB9900098D739 /* LoadUsersFromRemoteUseCaseTests.swift in Sources */ = {isa = PBXBuildFile; fileRef = 41AE9A7B271EB9900098D739 /* LoadUsersFromRemoteUseCaseTests.swift */; };
/* End PBXBuildFile section */

/* Begin PBXContainerItemProxy section */
		1AE6AAED270C28730087A321 /* PBXContainerItemProxy */ = {
			isa = PBXContainerItemProxy;
			containerPortal = 1AE6AAD4270C286D0087A321 /* Project object */;
			proxyType = 1;
			remoteGlobalIDString = 1AE6AADB270C286D0087A321;
			remoteInfo = UsersApp;
		};
		1AE6AAF7270C28730087A321 /* PBXContainerItemProxy */ = {
			isa = PBXContainerItemProxy;
			containerPortal = 1AE6AAD4270C286D0087A321 /* Project object */;
			proxyType = 1;
			remoteGlobalIDString = 1AE6AADB270C286D0087A321;
			remoteInfo = UsersApp;
		};
/* End PBXContainerItemProxy section */

/* Begin PBXFileReference section */
		1A7CD653270C390C00073433 /* LoadUsersUseCase.swift */ = {isa = PBXFileReference; lastKnownFileType = sourcecode.swift; path = LoadUsersUseCase.swift; sourceTree = "<group>"; };
		1A7CD655270C397400073433 /* User.swift */ = {isa = PBXFileReference; lastKnownFileType = sourcecode.swift; path = User.swift; sourceTree = "<group>"; };
		1A7CD657270C39A600073433 /* UsersRemoteDataSource.swift */ = {isa = PBXFileReference; lastKnownFileType = sourcecode.swift; path = UsersRemoteDataSource.swift; sourceTree = "<group>"; };
		1A7CD659270C3D6000073433 /* URLSessionUsersAPIEndToEndTests.swift */ = {isa = PBXFileReference; lastKnownFileType = sourcecode.swift; path = URLSessionUsersAPIEndToEndTests.swift; sourceTree = "<group>"; };
		1AE6AADC270C286D0087A321 /* UsersApp.app */ = {isa = PBXFileReference; explicitFileType = wrapper.application; includeInIndex = 0; path = UsersApp.app; sourceTree = BUILT_PRODUCTS_DIR; };
		1AE6AADF270C286D0087A321 /* UsersAppApp.swift */ = {isa = PBXFileReference; lastKnownFileType = sourcecode.swift; path = UsersAppApp.swift; sourceTree = "<group>"; };
		1AE6AAE1270C286D0087A321 /* UsersView.swift */ = {isa = PBXFileReference; lastKnownFileType = sourcecode.swift; path = UsersView.swift; sourceTree = "<group>"; };
		1AE6AAE3270C28720087A321 /* Assets.xcassets */ = {isa = PBXFileReference; lastKnownFileType = folder.assetcatalog; path = Assets.xcassets; sourceTree = "<group>"; };
		1AE6AAE6270C28720087A321 /* Preview Assets.xcassets */ = {isa = PBXFileReference; lastKnownFileType = folder.assetcatalog; path = "Preview Assets.xcassets"; sourceTree = "<group>"; };
		1AE6AAEC270C28730087A321 /* UsersAppTests.xctest */ = {isa = PBXFileReference; explicitFileType = wrapper.cfbundle; includeInIndex = 0; path = UsersAppTests.xctest; sourceTree = BUILT_PRODUCTS_DIR; };
		1AE6AAF6270C28730087A321 /* UsersAppUITests.xctest */ = {isa = PBXFileReference; explicitFileType = wrapper.cfbundle; includeInIndex = 0; path = UsersAppUITests.xctest; sourceTree = BUILT_PRODUCTS_DIR; };
		1AE6AAFA270C28730087A321 /* UsersAppUITests.swift */ = {isa = PBXFileReference; lastKnownFileType = sourcecode.swift; path = UsersAppUITests.swift; sourceTree = "<group>"; };
		1AE6AAFC270C28730087A321 /* UsersAppUITestsLaunchTests.swift */ = {isa = PBXFileReference; lastKnownFileType = sourcecode.swift; path = UsersAppUITestsLaunchTests.swift; sourceTree = "<group>"; };
		1AE6AB09270C29D70087A321 /* UserCell.swift */ = {isa = PBXFileReference; lastKnownFileType = sourcecode.swift; path = UserCell.swift; sourceTree = "<group>"; };
		41AE9A7B271EB9900098D739 /* LoadUsersFromRemoteUseCaseTests.swift */ = {isa = PBXFileReference; lastKnownFileType = sourcecode.swift; path = LoadUsersFromRemoteUseCaseTests.swift; sourceTree = "<group>"; };
/* End PBXFileReference section */

/* Begin PBXFrameworksBuildPhase section */
		1AE6AAD9270C286D0087A321 /* Frameworks */ = {
			isa = PBXFrameworksBuildPhase;
			buildActionMask = 2147483647;
			files = (
			);
			runOnlyForDeploymentPostprocessing = 0;
		};
		1AE6AAE9270C28730087A321 /* Frameworks */ = {
			isa = PBXFrameworksBuildPhase;
			buildActionMask = 2147483647;
			files = (
			);
			runOnlyForDeploymentPostprocessing = 0;
		};
		1AE6AAF3270C28730087A321 /* Frameworks */ = {
			isa = PBXFrameworksBuildPhase;
			buildActionMask = 2147483647;
			files = (
			);
			runOnlyForDeploymentPostprocessing = 0;
		};
/* End PBXFrameworksBuildPhase section */

/* Begin PBXGroup section */
		1A7CD651270C38AE00073433 /* Networking */ = {
			isa = PBXGroup;
			children = (
				1A7CD657270C39A600073433 /* UsersRemoteDataSource.swift */,
			);
			path = Networking;
			sourceTree = "<group>";
		};
		1A7CD652270C38CC00073433 /* Feature */ = {
			isa = PBXGroup;
			children = (
				1A7CD653270C390C00073433 /* LoadUsersUseCase.swift */,
				1A7CD655270C397400073433 /* User.swift */,
			);
			path = Feature;
			sourceTree = "<group>";
		};
		1AA728AD270C4A9800F76709 /* Networking */ = {
			isa = PBXGroup;
			children = (
				1A7CD659270C3D6000073433 /* URLSessionUsersAPIEndToEndTests.swift */,
			);
			path = Networking;
			sourceTree = "<group>";
		};
		1AE6AAD3270C286D0087A321 = {
			isa = PBXGroup;
			children = (
				1AE6AADE270C286D0087A321 /* UsersApp */,
				1AE6AAEF270C28730087A321 /* UsersAppTests */,
				1AE6AAF9270C28730087A321 /* UsersAppUITests */,
				1AE6AADD270C286D0087A321 /* Products */,
			);
			sourceTree = "<group>";
		};
		1AE6AADD270C286D0087A321 /* Products */ = {
			isa = PBXGroup;
			children = (
				1AE6AADC270C286D0087A321 /* UsersApp.app */,
				1AE6AAEC270C28730087A321 /* UsersAppTests.xctest */,
				1AE6AAF6270C28730087A321 /* UsersAppUITests.xctest */,
			);
			name = Products;
			sourceTree = "<group>";
		};
		1AE6AADE270C286D0087A321 /* UsersApp */ = {
			isa = PBXGroup;
			children = (
				1AE6AADF270C286D0087A321 /* UsersAppApp.swift */,
				1A7CD652270C38CC00073433 /* Feature */,
				1A7CD651270C38AE00073433 /* Networking */,
				1AE6AB0B270C2C220087A321 /* UI */,
				1AE6AAE3270C28720087A321 /* Assets.xcassets */,
				1AE6AAE5270C28720087A321 /* Preview Content */,
			);
			path = UsersApp;
			sourceTree = "<group>";
		};
		1AE6AAE5270C28720087A321 /* Preview Content */ = {
			isa = PBXGroup;
			children = (
				1AE6AAE6270C28720087A321 /* Preview Assets.xcassets */,
			);
			path = "Preview Content";
			sourceTree = "<group>";
		};
		1AE6AAEF270C28730087A321 /* UsersAppTests */ = {
			isa = PBXGroup;
			children = (
				41AE9A7A271EB9720098D739 /* Feature */,
				1AA728AD270C4A9800F76709 /* Networking */,
			);
			path = UsersAppTests;
			sourceTree = "<group>";
		};
		1AE6AAF9270C28730087A321 /* UsersAppUITests */ = {
			isa = PBXGroup;
			children = (
				1AE6AAFA270C28730087A321 /* UsersAppUITests.swift */,
				1AE6AAFC270C28730087A321 /* UsersAppUITestsLaunchTests.swift */,
			);
			path = UsersAppUITests;
			sourceTree = "<group>";
		};
		1AE6AB0B270C2C220087A321 /* UI */ = {
			isa = PBXGroup;
			children = (
				1AE6AAE1270C286D0087A321 /* UsersView.swift */,
				1AE6AB09270C29D70087A321 /* UserCell.swift */,
			);
			path = UI;
			sourceTree = "<group>";
		};
		41AE9A7A271EB9720098D739 /* Feature */ = {
			isa = PBXGroup;
			children = (
				41AE9A7B271EB9900098D739 /* LoadUsersFromRemoteUseCaseTests.swift */,
			);
			path = Feature;
			sourceTree = "<group>";
		};
/* End PBXGroup section */

/* Begin PBXNativeTarget section */
		1AE6AADB270C286D0087A321 /* UsersApp */ = {
			isa = PBXNativeTarget;
			buildConfigurationList = 1AE6AB00270C28730087A321 /* Build configuration list for PBXNativeTarget "UsersApp" */;
			buildPhases = (
				1AE6AAD8270C286D0087A321 /* Sources */,
				1AE6AAD9270C286D0087A321 /* Frameworks */,
				1AE6AADA270C286D0087A321 /* Resources */,
			);
			buildRules = (
			);
			dependencies = (
			);
			name = UsersApp;
			productName = UsersApp;
			productReference = 1AE6AADC270C286D0087A321 /* UsersApp.app */;
			productType = "com.apple.product-type.application";
		};
		1AE6AAEB270C28730087A321 /* UsersAppTests */ = {
			isa = PBXNativeTarget;
			buildConfigurationList = 1AE6AB03270C28730087A321 /* Build configuration list for PBXNativeTarget "UsersAppTests" */;
			buildPhases = (
				1AE6AAE8270C28730087A321 /* Sources */,
				1AE6AAE9270C28730087A321 /* Frameworks */,
				1AE6AAEA270C28730087A321 /* Resources */,
			);
			buildRules = (
			);
			dependencies = (
				1AE6AAEE270C28730087A321 /* PBXTargetDependency */,
			);
			name = UsersAppTests;
			productName = UsersAppTests;
			productReference = 1AE6AAEC270C28730087A321 /* UsersAppTests.xctest */;
			productType = "com.apple.product-type.bundle.unit-test";
		};
		1AE6AAF5270C28730087A321 /* UsersAppUITests */ = {
			isa = PBXNativeTarget;
			buildConfigurationList = 1AE6AB06270C28730087A321 /* Build configuration list for PBXNativeTarget "UsersAppUITests" */;
			buildPhases = (
				1AE6AAF2270C28730087A321 /* Sources */,
				1AE6AAF3270C28730087A321 /* Frameworks */,
				1AE6AAF4270C28730087A321 /* Resources */,
			);
			buildRules = (
			);
			dependencies = (
				1AE6AAF8270C28730087A321 /* PBXTargetDependency */,
			);
			name = UsersAppUITests;
			productName = UsersAppUITests;
			productReference = 1AE6AAF6270C28730087A321 /* UsersAppUITests.xctest */;
			productType = "com.apple.product-type.bundle.ui-testing";
		};
/* End PBXNativeTarget section */

/* Begin PBXProject section */
		1AE6AAD4270C286D0087A321 /* Project object */ = {
			isa = PBXProject;
			attributes = {
				BuildIndependentTargetsInParallel = 1;
				LastSwiftUpdateCheck = 1300;
				LastUpgradeCheck = 1300;
				TargetAttributes = {
					1AE6AADB270C286D0087A321 = {
						CreatedOnToolsVersion = 13.0;
					};
					1AE6AAEB270C28730087A321 = {
						CreatedOnToolsVersion = 13.0;
						TestTargetID = 1AE6AADB270C286D0087A321;
					};
					1AE6AAF5270C28730087A321 = {
						CreatedOnToolsVersion = 13.0;
						TestTargetID = 1AE6AADB270C286D0087A321;
					};
				};
			};
			buildConfigurationList = 1AE6AAD7270C286D0087A321 /* Build configuration list for PBXProject "UsersApp" */;
			compatibilityVersion = "Xcode 13.0";
			developmentRegion = en;
			hasScannedForEncodings = 0;
			knownRegions = (
				en,
				Base,
			);
			mainGroup = 1AE6AAD3270C286D0087A321;
			productRefGroup = 1AE6AADD270C286D0087A321 /* Products */;
			projectDirPath = "";
			projectRoot = "";
			targets = (
				1AE6AADB270C286D0087A321 /* UsersApp */,
				1AE6AAEB270C28730087A321 /* UsersAppTests */,
				1AE6AAF5270C28730087A321 /* UsersAppUITests */,
			);
		};
/* End PBXProject section */

/* Begin PBXResourcesBuildPhase section */
		1AE6AADA270C286D0087A321 /* Resources */ = {
			isa = PBXResourcesBuildPhase;
			buildActionMask = 2147483647;
			files = (
				1AE6AAE7270C28720087A321 /* Preview Assets.xcassets in Resources */,
				1AE6AAE4270C28720087A321 /* Assets.xcassets in Resources */,
			);
			runOnlyForDeploymentPostprocessing = 0;
		};
		1AE6AAEA270C28730087A321 /* Resources */ = {
			isa = PBXResourcesBuildPhase;
			buildActionMask = 2147483647;
			files = (
			);
			runOnlyForDeploymentPostprocessing = 0;
		};
		1AE6AAF4270C28730087A321 /* Resources */ = {
			isa = PBXResourcesBuildPhase;
			buildActionMask = 2147483647;
			files = (
			);
			runOnlyForDeploymentPostprocessing = 0;
		};
/* End PBXResourcesBuildPhase section */

/* Begin PBXSourcesBuildPhase section */
		1AE6AAD8270C286D0087A321 /* Sources */ = {
			isa = PBXSourcesBuildPhase;
			buildActionMask = 2147483647;
			files = (
				1A7CD654270C390C00073433 /* LoadUsersUseCase.swift in Sources */,
				1AE6AAE2270C286D0087A321 /* UsersView.swift in Sources */,
				1AE6AAE0270C286D0087A321 /* UsersAppApp.swift in Sources */,
				1A7CD656270C397400073433 /* User.swift in Sources */,
				1A7CD658270C39A600073433 /* UsersRemoteDataSource.swift in Sources */,
				1AE6AB0A270C29D80087A321 /* UserCell.swift in Sources */,
			);
			runOnlyForDeploymentPostprocessing = 0;
		};
		1AE6AAE8270C28730087A321 /* Sources */ = {
			isa = PBXSourcesBuildPhase;
			buildActionMask = 2147483647;
			files = (
				41AE9A7C271EB9900098D739 /* LoadUsersFromRemoteUseCaseTests.swift in Sources */,
				1A7CD65A270C3D6000073433 /* URLSessionUsersAPIEndToEndTests.swift in Sources */,
			);
			runOnlyForDeploymentPostprocessing = 0;
		};
		1AE6AAF2270C28730087A321 /* Sources */ = {
			isa = PBXSourcesBuildPhase;
			buildActionMask = 2147483647;
			files = (
				1AE6AAFD270C28730087A321 /* UsersAppUITestsLaunchTests.swift in Sources */,
				1AE6AAFB270C28730087A321 /* UsersAppUITests.swift in Sources */,
			);
			runOnlyForDeploymentPostprocessing = 0;
		};
/* End PBXSourcesBuildPhase section */

/* Begin PBXTargetDependency section */
		1AE6AAEE270C28730087A321 /* PBXTargetDependency */ = {
			isa = PBXTargetDependency;
			target = 1AE6AADB270C286D0087A321 /* UsersApp */;
			targetProxy = 1AE6AAED270C28730087A321 /* PBXContainerItemProxy */;
		};
		1AE6AAF8270C28730087A321 /* PBXTargetDependency */ = {
			isa = PBXTargetDependency;
			target = 1AE6AADB270C286D0087A321 /* UsersApp */;
			targetProxy = 1AE6AAF7270C28730087A321 /* PBXContainerItemProxy */;
		};
/* End PBXTargetDependency section */

/* Begin XCBuildConfiguration section */
		1AE6AAFE270C28730087A321 /* Debug */ = {
			isa = XCBuildConfiguration;
			buildSettings = {
				ALWAYS_SEARCH_USER_PATHS = NO;
				CLANG_ANALYZER_NONNULL = YES;
				CLANG_ANALYZER_NUMBER_OBJECT_CONVERSION = YES_AGGRESSIVE;
				CLANG_CXX_LANGUAGE_STANDARD = "gnu++17";
				CLANG_CXX_LIBRARY = "libc++";
				CLANG_ENABLE_MODULES = YES;
				CLANG_ENABLE_OBJC_ARC = YES;
				CLANG_ENABLE_OBJC_WEAK = YES;
				CLANG_WARN_BLOCK_CAPTURE_AUTORELEASING = YES;
				CLANG_WARN_BOOL_CONVERSION = YES;
				CLANG_WARN_COMMA = YES;
				CLANG_WARN_CONSTANT_CONVERSION = YES;
				CLANG_WARN_DEPRECATED_OBJC_IMPLEMENTATIONS = YES;
				CLANG_WARN_DIRECT_OBJC_ISA_USAGE = YES_ERROR;
				CLANG_WARN_DOCUMENTATION_COMMENTS = YES;
				CLANG_WARN_EMPTY_BODY = YES;
				CLANG_WARN_ENUM_CONVERSION = YES;
				CLANG_WARN_INFINITE_RECURSION = YES;
				CLANG_WARN_INT_CONVERSION = YES;
				CLANG_WARN_NON_LITERAL_NULL_CONVERSION = YES;
				CLANG_WARN_OBJC_IMPLICIT_RETAIN_SELF = YES;
				CLANG_WARN_OBJC_LITERAL_CONVERSION = YES;
				CLANG_WARN_OBJC_ROOT_CLASS = YES_ERROR;
				CLANG_WARN_QUOTED_INCLUDE_IN_FRAMEWORK_HEADER = YES;
				CLANG_WARN_RANGE_LOOP_ANALYSIS = YES;
				CLANG_WARN_STRICT_PROTOTYPES = YES;
				CLANG_WARN_SUSPICIOUS_MOVE = YES;
				CLANG_WARN_UNGUARDED_AVAILABILITY = YES_AGGRESSIVE;
				CLANG_WARN_UNREACHABLE_CODE = YES;
				CLANG_WARN__DUPLICATE_METHOD_MATCH = YES;
				COPY_PHASE_STRIP = NO;
				DEBUG_INFORMATION_FORMAT = dwarf;
				ENABLE_STRICT_OBJC_MSGSEND = YES;
				ENABLE_TESTABILITY = YES;
				GCC_C_LANGUAGE_STANDARD = gnu11;
				GCC_DYNAMIC_NO_PIC = NO;
				GCC_NO_COMMON_BLOCKS = YES;
				GCC_OPTIMIZATION_LEVEL = 0;
				GCC_PREPROCESSOR_DEFINITIONS = (
					"DEBUG=1",
					"$(inherited)",
				);
				GCC_WARN_64_TO_32_BIT_CONVERSION = YES;
				GCC_WARN_ABOUT_RETURN_TYPE = YES_ERROR;
				GCC_WARN_UNDECLARED_SELECTOR = YES;
				GCC_WARN_UNINITIALIZED_AUTOS = YES_AGGRESSIVE;
				GCC_WARN_UNUSED_FUNCTION = YES;
				GCC_WARN_UNUSED_VARIABLE = YES;
				IPHONEOS_DEPLOYMENT_TARGET = 15.0;
				MTL_ENABLE_DEBUG_INFO = INCLUDE_SOURCE;
				MTL_FAST_MATH = YES;
				ONLY_ACTIVE_ARCH = YES;
				SDKROOT = iphoneos;
				SWIFT_ACTIVE_COMPILATION_CONDITIONS = DEBUG;
				SWIFT_OPTIMIZATION_LEVEL = "-Onone";
			};
			name = Debug;
		};
		1AE6AAFF270C28730087A321 /* Release */ = {
			isa = XCBuildConfiguration;
			buildSettings = {
				ALWAYS_SEARCH_USER_PATHS = NO;
				CLANG_ANALYZER_NONNULL = YES;
				CLANG_ANALYZER_NUMBER_OBJECT_CONVERSION = YES_AGGRESSIVE;
				CLANG_CXX_LANGUAGE_STANDARD = "gnu++17";
				CLANG_CXX_LIBRARY = "libc++";
				CLANG_ENABLE_MODULES = YES;
				CLANG_ENABLE_OBJC_ARC = YES;
				CLANG_ENABLE_OBJC_WEAK = YES;
				CLANG_WARN_BLOCK_CAPTURE_AUTORELEASING = YES;
				CLANG_WARN_BOOL_CONVERSION = YES;
				CLANG_WARN_COMMA = YES;
				CLANG_WARN_CONSTANT_CONVERSION = YES;
				CLANG_WARN_DEPRECATED_OBJC_IMPLEMENTATIONS = YES;
				CLANG_WARN_DIRECT_OBJC_ISA_USAGE = YES_ERROR;
				CLANG_WARN_DOCUMENTATION_COMMENTS = YES;
				CLANG_WARN_EMPTY_BODY = YES;
				CLANG_WARN_ENUM_CONVERSION = YES;
				CLANG_WARN_INFINITE_RECURSION = YES;
				CLANG_WARN_INT_CONVERSION = YES;
				CLANG_WARN_NON_LITERAL_NULL_CONVERSION = YES;
				CLANG_WARN_OBJC_IMPLICIT_RETAIN_SELF = YES;
				CLANG_WARN_OBJC_LITERAL_CONVERSION = YES;
				CLANG_WARN_OBJC_ROOT_CLASS = YES_ERROR;
				CLANG_WARN_QUOTED_INCLUDE_IN_FRAMEWORK_HEADER = YES;
				CLANG_WARN_RANGE_LOOP_ANALYSIS = YES;
				CLANG_WARN_STRICT_PROTOTYPES = YES;
				CLANG_WARN_SUSPICIOUS_MOVE = YES;
				CLANG_WARN_UNGUARDED_AVAILABILITY = YES_AGGRESSIVE;
				CLANG_WARN_UNREACHABLE_CODE = YES;
				CLANG_WARN__DUPLICATE_METHOD_MATCH = YES;
				COPY_PHASE_STRIP = NO;
				DEBUG_INFORMATION_FORMAT = "dwarf-with-dsym";
				ENABLE_NS_ASSERTIONS = NO;
				ENABLE_STRICT_OBJC_MSGSEND = YES;
				GCC_C_LANGUAGE_STANDARD = gnu11;
				GCC_NO_COMMON_BLOCKS = YES;
				GCC_WARN_64_TO_32_BIT_CONVERSION = YES;
				GCC_WARN_ABOUT_RETURN_TYPE = YES_ERROR;
				GCC_WARN_UNDECLARED_SELECTOR = YES;
				GCC_WARN_UNINITIALIZED_AUTOS = YES_AGGRESSIVE;
				GCC_WARN_UNUSED_FUNCTION = YES;
				GCC_WARN_UNUSED_VARIABLE = YES;
				IPHONEOS_DEPLOYMENT_TARGET = 15.0;
				MTL_ENABLE_DEBUG_INFO = NO;
				MTL_FAST_MATH = YES;
				SDKROOT = iphoneos;
				SWIFT_COMPILATION_MODE = wholemodule;
				SWIFT_OPTIMIZATION_LEVEL = "-O";
				VALIDATE_PRODUCT = YES;
			};
			name = Release;
		};
		1AE6AB01270C28730087A321 /* Debug */ = {
			isa = XCBuildConfiguration;
			buildSettings = {
				ASSETCATALOG_COMPILER_APPICON_NAME = AppIcon;
				ASSETCATALOG_COMPILER_GLOBAL_ACCENT_COLOR_NAME = AccentColor;
				CODE_SIGN_STYLE = Automatic;
				CURRENT_PROJECT_VERSION = 1;
				DEVELOPMENT_ASSET_PATHS = "\"UsersApp/Preview Content\"";
				ENABLE_PREVIEWS = YES;
				GENERATE_INFOPLIST_FILE = YES;
				INFOPLIST_KEY_UIApplicationSceneManifest_Generation = YES;
				INFOPLIST_KEY_UIApplicationSupportsIndirectInputEvents = YES;
				INFOPLIST_KEY_UILaunchScreen_Generation = YES;
				INFOPLIST_KEY_UISupportedInterfaceOrientations_iPad = "UIInterfaceOrientationPortrait UIInterfaceOrientationPortraitUpsideDown UIInterfaceOrientationLandscapeLeft UIInterfaceOrientationLandscapeRight";
				INFOPLIST_KEY_UISupportedInterfaceOrientations_iPhone = "UIInterfaceOrientationPortrait UIInterfaceOrientationLandscapeLeft UIInterfaceOrientationLandscapeRight";
				IPHONEOS_DEPLOYMENT_TARGET = 14.0;
				LD_RUNPATH_SEARCH_PATHS = (
					"$(inherited)",
					"@executable_path/Frameworks",
				);
				MARKETING_VERSION = 1.0;
				PRODUCT_BUNDLE_IDENTIFIER = com.arifinfrds.UsersApp;
				PRODUCT_NAME = "$(TARGET_NAME)";
				SWIFT_EMIT_LOC_STRINGS = YES;
				SWIFT_VERSION = 5.0;
				TARGETED_DEVICE_FAMILY = "1,2";
			};
			name = Debug;
		};
		1AE6AB02270C28730087A321 /* Release */ = {
			isa = XCBuildConfiguration;
			buildSettings = {
				ASSETCATALOG_COMPILER_APPICON_NAME = AppIcon;
				ASSETCATALOG_COMPILER_GLOBAL_ACCENT_COLOR_NAME = AccentColor;
				CODE_SIGN_STYLE = Automatic;
				CURRENT_PROJECT_VERSION = 1;
				DEVELOPMENT_ASSET_PATHS = "\"UsersApp/Preview Content\"";
				ENABLE_PREVIEWS = YES;
				GENERATE_INFOPLIST_FILE = YES;
				INFOPLIST_KEY_UIApplicationSceneManifest_Generation = YES;
				INFOPLIST_KEY_UIApplicationSupportsIndirectInputEvents = YES;
				INFOPLIST_KEY_UILaunchScreen_Generation = YES;
				INFOPLIST_KEY_UISupportedInterfaceOrientations_iPad = "UIInterfaceOrientationPortrait UIInterfaceOrientationPortraitUpsideDown UIInterfaceOrientationLandscapeLeft UIInterfaceOrientationLandscapeRight";
				INFOPLIST_KEY_UISupportedInterfaceOrientations_iPhone = "UIInterfaceOrientationPortrait UIInterfaceOrientationLandscapeLeft UIInterfaceOrientationLandscapeRight";
				IPHONEOS_DEPLOYMENT_TARGET = 14.0;
				LD_RUNPATH_SEARCH_PATHS = (
					"$(inherited)",
					"@executable_path/Frameworks",
				);
				MARKETING_VERSION = 1.0;
				PRODUCT_BUNDLE_IDENTIFIER = com.arifinfrds.UsersApp;
				PRODUCT_NAME = "$(TARGET_NAME)";
				SWIFT_EMIT_LOC_STRINGS = YES;
				SWIFT_VERSION = 5.0;
				TARGETED_DEVICE_FAMILY = "1,2";
			};
			name = Release;
		};
		1AE6AB04270C28730087A321 /* Debug */ = {
			isa = XCBuildConfiguration;
			buildSettings = {
				ALWAYS_EMBED_SWIFT_STANDARD_LIBRARIES = YES;
				BUNDLE_LOADER = "$(TEST_HOST)";
				CODE_SIGN_STYLE = Automatic;
				CURRENT_PROJECT_VERSION = 1;
				GENERATE_INFOPLIST_FILE = YES;
				IPHONEOS_DEPLOYMENT_TARGET = 14.0;
				LD_RUNPATH_SEARCH_PATHS = (
					"$(inherited)",
					"@executable_path/Frameworks",
					"@loader_path/Frameworks",
				);
				MARKETING_VERSION = 1.0;
				PRODUCT_BUNDLE_IDENTIFIER = com.arifinfrds.UsersAppTests;
				PRODUCT_NAME = "$(TARGET_NAME)";
				SWIFT_EMIT_LOC_STRINGS = NO;
				SWIFT_VERSION = 5.0;
				TARGETED_DEVICE_FAMILY = "1,2";
				TEST_HOST = "$(BUILT_PRODUCTS_DIR)/UsersApp.app/UsersApp";
			};
			name = Debug;
		};
		1AE6AB05270C28730087A321 /* Release */ = {
			isa = XCBuildConfiguration;
			buildSettings = {
				ALWAYS_EMBED_SWIFT_STANDARD_LIBRARIES = YES;
				BUNDLE_LOADER = "$(TEST_HOST)";
				CODE_SIGN_STYLE = Automatic;
				CURRENT_PROJECT_VERSION = 1;
				GENERATE_INFOPLIST_FILE = YES;
				IPHONEOS_DEPLOYMENT_TARGET = 14.0;
				LD_RUNPATH_SEARCH_PATHS = (
					"$(inherited)",
					"@executable_path/Frameworks",
					"@loader_path/Frameworks",
				);
				MARKETING_VERSION = 1.0;
				PRODUCT_BUNDLE_IDENTIFIER = com.arifinfrds.UsersAppTests;
				PRODUCT_NAME = "$(TARGET_NAME)";
				SWIFT_EMIT_LOC_STRINGS = NO;
				SWIFT_VERSION = 5.0;
				TARGETED_DEVICE_FAMILY = "1,2";
				TEST_HOST = "$(BUILT_PRODUCTS_DIR)/UsersApp.app/UsersApp";
			};
			name = Release;
		};
		1AE6AB07270C28730087A321 /* Debug */ = {
			isa = XCBuildConfiguration;
			buildSettings = {
				ALWAYS_EMBED_SWIFT_STANDARD_LIBRARIES = YES;
				CODE_SIGN_STYLE = Automatic;
				CURRENT_PROJECT_VERSION = 1;
				GENERATE_INFOPLIST_FILE = YES;
				LD_RUNPATH_SEARCH_PATHS = (
					"$(inherited)",
					"@executable_path/Frameworks",
					"@loader_path/Frameworks",
				);
				MARKETING_VERSION = 1.0;
				PRODUCT_BUNDLE_IDENTIFIER = com.arifinfrds.UsersAppUITests;
				PRODUCT_NAME = "$(TARGET_NAME)";
				SWIFT_EMIT_LOC_STRINGS = NO;
				SWIFT_VERSION = 5.0;
				TARGETED_DEVICE_FAMILY = "1,2";
				TEST_TARGET_NAME = UsersApp;
			};
			name = Debug;
		};
		1AE6AB08270C28730087A321 /* Release */ = {
			isa = XCBuildConfiguration;
			buildSettings = {
				ALWAYS_EMBED_SWIFT_STANDARD_LIBRARIES = YES;
				CODE_SIGN_STYLE = Automatic;
				CURRENT_PROJECT_VERSION = 1;
				GENERATE_INFOPLIST_FILE = YES;
				LD_RUNPATH_SEARCH_PATHS = (
					"$(inherited)",
					"@executable_path/Frameworks",
					"@loader_path/Frameworks",
				);
				MARKETING_VERSION = 1.0;
				PRODUCT_BUNDLE_IDENTIFIER = com.arifinfrds.UsersAppUITests;
				PRODUCT_NAME = "$(TARGET_NAME)";
				SWIFT_EMIT_LOC_STRINGS = NO;
				SWIFT_VERSION = 5.0;
				TARGETED_DEVICE_FAMILY = "1,2";
				TEST_TARGET_NAME = UsersApp;
			};
			name = Release;
		};
/* End XCBuildConfiguration section */

/* Begin XCConfigurationList section */
		1AE6AAD7270C286D0087A321 /* Build configuration list for PBXProject "UsersApp" */ = {
			isa = XCConfigurationList;
			buildConfigurations = (
				1AE6AAFE270C28730087A321 /* Debug */,
				1AE6AAFF270C28730087A321 /* Release */,
			);
			defaultConfigurationIsVisible = 0;
			defaultConfigurationName = Release;
		};
		1AE6AB00270C28730087A321 /* Build configuration list for PBXNativeTarget "UsersApp" */ = {
			isa = XCConfigurationList;
			buildConfigurations = (
				1AE6AB01270C28730087A321 /* Debug */,
				1AE6AB02270C28730087A321 /* Release */,
			);
			defaultConfigurationIsVisible = 0;
			defaultConfigurationName = Release;
		};
		1AE6AB03270C28730087A321 /* Build configuration list for PBXNativeTarget "UsersAppTests" */ = {
			isa = XCConfigurationList;
			buildConfigurations = (
				1AE6AB04270C28730087A321 /* Debug */,
				1AE6AB05270C28730087A321 /* Release */,
			);
			defaultConfigurationIsVisible = 0;
			defaultConfigurationName = Release;
		};
		1AE6AB06270C28730087A321 /* Build configuration list for PBXNativeTarget "UsersAppUITests" */ = {
			isa = XCConfigurationList;
			buildConfigurations = (
				1AE6AB07270C28730087A321 /* Debug */,
				1AE6AB08270C28730087A321 /* Release */,
			);
			defaultConfigurationIsVisible = 0;
			defaultConfigurationName = Release;
		};
/* End XCConfigurationList section */
	};
	rootObject = 1AE6AAD4270C286D0087A321 /* Project object */;
}
